
Microsoft Visual Studio Solution File, Format Version 12.00
# Visual Studio 15
VisualStudioVersion = 15.0.28307.136
MinimumVisualStudioVersion = 10.0.40219.1
Project("{FAE04EC0-301F-11D3-BF4B-00C04F79EFBC}") = "RaamatukoguMVC_Zurbenko", "RaamatukoguMVC_Zurbenko\RaamatukoguMVC_Zurbenko.csproj", "{79278B10-E611-43CB-891D-F23DEAB11B96}"
EndProject
Global
	GlobalSection(SolutionConfigurationPlatforms) = preSolution
		Debug|Any CPU = Debug|Any CPU
		Release|Any CPU = Release|Any CPU
	EndGlobalSection
	GlobalSection(ProjectConfigurationPlatforms) = postSolution
		{79278B10-E611-43CB-891D-F23DEAB11B96}.Debug|Any CPU.ActiveCfg = Debug|Any CPU
		{79278B10-E611-43CB-891D-F23DEAB11B96}.Debug|Any CPU.Build.0 = Debug|Any CPU
		{79278B10-E611-43CB-891D-F23DEAB11B96}.Release|Any CPU.ActiveCfg = Release|Any CPU
		{79278B10-E611-43CB-891D-F23DEAB11B96}.Release|Any CPU.Build.0 = Release|Any CPU
	EndGlobalSection
	GlobalSection(SolutionProperties) = preSolution
		HideSolutionNode = FALSE
	EndGlobalSection
	GlobalSection(ExtensibilityGlobals) = postSolution
		SolutionGuid = {CB3D8C34-48F4-4D4C-BBC9-E11DDBA9EB87}
	EndGlobalSection
EndGlobal
